
Microsoft Visual Studio Solution File, Format Version 12.00
# Visual Studio Version 16
VisualStudioVersion = 16.0.30704.19
MinimumVisualStudioVersion = 10.0.40219.1
Project("{FAE04EC0-301F-11D3-BF4B-00C04F79EFBC}") = "Receiver", "Receiver\Receiver.csproj", "{2A0F3711-C3F8-4AC5-8663-7639A5E8B5A2}"
EndProject
Project("{FAE04EC0-301F-11D3-BF4B-00C04F79EFBC}") = "EventHubsReceiver", "EventHubsReceiver\EventHubsReceiver.csproj", "{8E7A4DD0-3EF4-45B8-8747-ECA3A20568A8}"
EndProject
Global
	GlobalSection(SolutionConfigurationPlatforms) = preSolution
		Debug|Any CPU = Debug|Any CPU
		Release|Any CPU = Release|Any CPU
	EndGlobalSection
	GlobalSection(ProjectConfigurationPlatforms) = postSolution
		{2A0F3711-C3F8-4AC5-8663-7639A5E8B5A2}.Debug|Any CPU.ActiveCfg = Debug|Any CPU
		{2A0F3711-C3F8-4AC5-8663-7639A5E8B5A2}.Debug|Any CPU.Build.0 = Debug|Any CPU
		{2A0F3711-C3F8-4AC5-8663-7639A5E8B5A2}.Release|Any CPU.ActiveCfg = Release|Any CPU
		{2A0F3711-C3F8-4AC5-8663-7639A5E8B5A2}.Release|Any CPU.Build.0 = Release|Any CPU
		{8E7A4DD0-3EF4-45B8-8747-ECA3A20568A8}.Debug|Any CPU.ActiveCfg = Debug|Any CPU
		{8E7A4DD0-3EF4-45B8-8747-ECA3A20568A8}.Debug|Any CPU.Build.0 = Debug|Any CPU
		{8E7A4DD0-3EF4-45B8-8747-ECA3A20568A8}.Release|Any CPU.ActiveCfg = Release|Any CPU
		{8E7A4DD0-3EF4-45B8-8747-ECA3A20568A8}.Release|Any CPU.Build.0 = Release|Any CPU
	EndGlobalSection
	GlobalSection(SolutionProperties) = preSolution
		HideSolutionNode = FALSE
	EndGlobalSection
	GlobalSection(ExtensibilityGlobals) = postSolution
		SolutionGuid = {0D2E0448-2CF7-4EA2-81EA-3CB5FB52C192}
	EndGlobalSection
EndGlobal
